{
  "name": "GoSweet",
  "lockfileVersion": 3,
  "requires": true,
  "packages": {
    "": {
      "dependencies": {
        "alova": "^2.17.1"
      }
    },
    "node_modules/alova": {
      "version": "2.17.1",
      "resolved": "https://registry.npmjs.org/alova/-/alova-2.17.1.tgz",
      "integrity": "sha512-AJhbvKdABci95D3gQ/ct+JE58PHdTToSVLtcvyZo0QIcLabNwPi1UzKEQ8H2yK3uBuEB1X/J0tZqpPZnJ2QCsg==",
      "engines": {
        "node": ">= 0.12.0"
      }
    }
  }
}
