
Microsoft Visual Studio Solution File, Format Version 12.00
# Visual Studio Version 17
VisualStudioVersion = 17.6.33815.320
MinimumVisualStudioVersion = 10.0.40219.1
Project("{FAE04EC0-301F-11D3-BF4B-00C04F79EFBC}") = "CRUDExample", "CRUDExample\CRUDExample.csproj", "{A8DE6FFF-A359-44E2-91F7-DD3C578EFDCD}"
EndProject
Global
	GlobalSection(SolutionConfigurationPlatforms) = preSolution
		Debug|Any CPU = Debug|Any CPU
		Release|Any CPU = Release|Any CPU
	EndGlobalSection
	GlobalSection(ProjectConfigurationPlatforms) = postSolution
		{A8DE6FFF-A359-44E2-91F7-DD3C578EFDCD}.Debug|Any CPU.ActiveCfg = Debug|Any CPU
		{A8DE6FFF-A359-44E2-91F7-DD3C578EFDCD}.Debug|Any CPU.Build.0 = Debug|Any CPU
		{A8DE6FFF-A359-44E2-91F7-DD3C578EFDCD}.Release|Any CPU.ActiveCfg = Release|Any CPU
		{A8DE6FFF-A359-44E2-91F7-DD3C578EFDCD}.Release|Any CPU.Build.0 = Release|Any CPU
	EndGlobalSection
	GlobalSection(SolutionProperties) = preSolution
		HideSolutionNode = FALSE
	EndGlobalSection
	GlobalSection(ExtensibilityGlobals) = postSolution
		SolutionGuid = {5E92A912-E85F-47C2-975A-87048A4B3F7E}
	EndGlobalSection
EndGlobal
